{
    "_readme": [
        "This file locks the dependencies of your project to a known state",
        "Read more about it at https://getcomposer.org/doc/01-basic-usage.md#installing-dependencies",
        "This file is @generated automatically"
    ],
    "content-hash": "5f71d489d9b4463caea7fc5d8c68f1fd",
    "packages": [
        {
            "name": "aolbrich/php-di-container",
            "version": "v1.0.8",
            "source": {
                "type": "git",
                "url": "https://github.com/olbrichattila/php-di-container.git",
                "reference": "b5f974bc558f604fe9c20e40616624789c462348"
            },
            "dist": {
                "type": "zip",
                "url": "https://api.github.com/repos/olbrichattila/php-di-container/zipball/b5f974bc558f604fe9c20e40616624789c462348",
                "reference": "b5f974bc558f604fe9c20e40616624789c462348",
                "shasum": ""
            },
            "require": {
                "php": ">=8.0.0",
                "psr/container": "^2.0"
            },
            "require-dev": {
                "phpstan/phpstan": "^1.10",
                "phpunit/phpunit": "^10.0",
                "vimeo/psalm": "^5.7"
            },
            "type": "library",
            "autoload": {
                "psr-4": {
                    "Aolbrich\\PhpDiContainer\\": "src/"
                }
            },
            "notification-url": "https://packagist.org/downloads/",
            "license": [
                "MIT"
            ],
            "authors": [
                {
                    "name": "Attila Olbrich",
                    "email": "olbrichattila@gmx.co.uk"
                }
            ],
            "description": "PHP Dependency Injection cotainer",
            "keywords": [
                "dependency-injection"
            ],
            "support": {
                "issues": "https://github.com/olbrichattila/php-di-container/issues",
                "source": "https://github.com/olbrichattila/php-di-container/tree/v1.0.8"
            },
            "time": "2023-03-20T17:31:52+00:00"
        },
        {
            "name": "psr/container",
            "version": "2.0.2",
            "source": {
                "type": "git",
                "url": "https://github.com/php-fig/container.git",
                "reference": "c71ecc56dfe541dbd90c5360474fbc405f8d5963"
            },
            "dist": {
                "type": "zip",
                "url": "https://api.github.com/repos/php-fig/container/zipball/c71ecc56dfe541dbd90c5360474fbc405f8d5963",
                "reference": "c71ecc56dfe541dbd90c5360474fbc405f8d5963",
                "shasum": ""
            },
            "require": {
                "php": ">=7.4.0"
            },
            "type": "library",
            "extra": {
                "branch-alias": {
                    "dev-master": "2.0.x-dev"
                }
            },
            "autoload": {
                "psr-4": {
                    "Psr\\Container\\": "src/"
                }
            },
            "notification-url": "https://packagist.org/downloads/",
            "license": [
                "MIT"
            ],
            "authors": [
                {
                    "name": "PHP-FIG",
                    "homepage": "https://www.php-fig.org/"
                }
            ],
            "description": "Common Container Interface (PHP FIG PSR-11)",
            "homepage": "https://github.com/php-fig/container",
            "keywords": [
                "PSR-11",
                "container",
                "container-interface",
                "container-interop",
                "psr"
            ],
            "support": {
                "issues": "https://github.com/php-fig/container/issues",
                "source": "https://github.com/php-fig/container/tree/2.0.2"
            },
            "time": "2021-11-05T16:47:00+00:00"
        }
    ],
    "packages-dev": [],
    "aliases": [],
    "minimum-stability": "stable",
    "stability-flags": [],
    "prefer-stable": false,
    "prefer-lowest": false,
    "platform": {
        "php": ">=8.0.0"
    },
    "platform-dev": [],
    "plugin-api-version": "2.2.0"
}
